# name|git url|commit or tag|paths copied into third_party/<name> (space separated)
pdqsort|https://github.com/orlp/pdqsort.git|b1ef26a55cdb60d236a5cb199c4234c704f46726|pdqsort.h license.txt
ips4o|https://github.com/ips4o/ips4o.git|08a5b926ee65cef19139057c6bde02bb5542c1cb|include LICENSE
ips2ra|https://github.com/ips4o/ips2ra.git|83f6b76ca308b277b2acc3a36426a3baa3c9cb73|include LICENSE
oneTBB|https://github.com/uxlfoundation/oneTBB.git|9f554635c39c3897fadc52d13f94c06db17517a5|include src LICENSE.txt
x86-simd-sort|https://github.com/intel/x86-simd-sort.git|fa944efbea1a33426b3f8a9a21e23794ab8aa300|src LICENSE.md
highway|https://github.com/google/highway.git|2607d3b5b0113992fe84d3848859eae13b3b52c1|hwy LICENSE
ska_sort|https://github.com/skarupke/ska_sort.git|2c14d4bf7b667032ed28a481065f721385e33849|ska_sort.hpp
crumsort|https://github.com/scandum/crumsort.git|d21d7c3aa13212c234967a9aaf037690825916be|src/crumsort.h src/crumsort.c src/quadsort.h src/quadsort.c LICENSE
fluxsort|https://github.com/scandum/fluxsort.git|93aac374c1bec5265efd3b8a593a0c2246473ea3|src/fluxsort.h src/fluxsort.c src/quadsort.h src/quadsort.c LICENSE
quadsort|https://github.com/scandum/quadsort.git|4c357224cd9b53382248affc64e295726697bd35|src/quadsort.h src/quadsort.c LICENSE
# Boost.Sort and the header modules it needs (merged into third_party/boost/boost)
boost|boostorg|boost-1.86.0|sort config core iterator mpl preprocessor range static_assert type_traits assert throw_exception utility move predef
